
Microsoft Visual Studio Solution File, Format Version 12.00
# Visual Studio Version 17
VisualStudioVersion = 17.9.34616.47
MinimumVisualStudioVersion = 10.0.40219.1
Project("{9A19103F-16F7-4668-BE54-9A1E7A4F7556}") = "STD", "STD\STD.csproj", "{5C4622AB-9CE8-4B67-8F76-8A4B1FCDF675}"
EndProject
Global
	GlobalSection(SolutionConfigurationPlatforms) = preSolution
		Debug|Any CPU = Debug|Any CPU
		Release|Any CPU = Release|Any CPU
	EndGlobalSection
	GlobalSection(ProjectConfigurationPlatforms) = postSolution
		{5C4622AB-9CE8-4B67-8F76-8A4B1FCDF675}.Debug|Any CPU.ActiveCfg = Debug|Any CPU
		{5C4622AB-9CE8-4B67-8F76-8A4B1FCDF675}.Debug|Any CPU.Build.0 = Debug|Any CPU
		{5C4622AB-9CE8-4B67-8F76-8A4B1FCDF675}.Release|Any CPU.ActiveCfg = Release|Any CPU
		{5C4622AB-9CE8-4B67-8F76-8A4B1FCDF675}.Release|Any CPU.Build.0 = Release|Any CPU
	EndGlobalSection
	GlobalSection(SolutionProperties) = preSolution
		HideSolutionNode = FALSE
	EndGlobalSection
	GlobalSection(ExtensibilityGlobals) = postSolution
		SolutionGuid = {A7B4BB11-DADD-4F7C-B374-1A19FFFA1E25}
	EndGlobalSection
EndGlobal
